// !$*UTF8*$!
{
	archiveVersion = 1;
	classes = {
	};
	objectVersion = 48;
	objects = {

/* Begin PBXBuildFile section */
		F33C59661FD7DF3700F00BE5 /* AppDelegate.m in Sources */ = {isa = PBXBuildFile; fileRef = F33C59651FD7DF3700F00BE5 /* AppDelegate.m */; };
		F33C596C1FD7DF3700F00BE5 /* Main.storyboard in Resources */ = {isa = PBXBuildFile; fileRef = F33C596A1FD7DF3700F00BE5 /* Main.storyboard */; };
		F33C596E1FD7DF3700F00BE5 /* Assets.xcassets in Resources */ = {isa = PBXBuildFile; fileRef = F33C596D1FD7DF3700F00BE5 /* Assets.xcassets */; };
		F33C59711FD7DF3700F00BE5 /* LaunchScreen.storyboard in Resources */ = {isa = PBXBuildFile; fileRef = F33C596F1FD7DF3700F00BE5 /* LaunchScreen.storyboard */; };
		F33C59741FD7DF3700F00BE5 /* main.m in Sources */ = {isa = PBXBuildFile; fileRef = F33C59731FD7DF3700F00BE5 /* main.m */; };
		F33C59CD1FD7DF4900F00BE5 /* YQCommonGroup.m in Sources */ = {isa = PBXBuildFile; fileRef = F33C59B71FD7DF4900F00BE5 /* YQCommonGroup.m */; };
		F33C59CE1FD7DF4900F00BE5 /* YQCommonItem.m in Sources */ = {isa = PBXBuildFile; fileRef = F33C59B91FD7DF4900F00BE5 /* YQCommonItem.m */; };
		F33C59CF1FD7DF4900F00BE5 /* YQBadgeView.m in Sources */ = {isa = PBXBuildFile; fileRef = F33C59BC1FD7DF4900F00BE5 /* YQBadgeView.m */; };
		F33C59D01FD7DF4900F00BE5 /* YQCommonCell.m in Sources */ = {isa = PBXBuildFile; fileRef = F33C59BE1FD7DF4900F00BE5 /* YQCommonCell.m */; };
		F33C59D61FDA215D00F00BE5 /* YQ_image.xcassets in Resources */ = {isa = PBXBuildFile; fileRef = F33C59D51FDA215D00F00BE5 /* YQ_image.xcassets */; };
		F33C59D91FDA219100F00BE5 /* YQCommonViewController.m in Sources */ = {isa = PBXBuildFile; fileRef = F33C59D81FDA219100F00BE5 /* YQCommonViewController.m */; };
		F35033AB204E1BEA0053535E /* AssistFeildViewController.m in Sources */ = {isa = PBXBuildFile; fileRef = F350339E204E1BEA0053535E /* AssistFeildViewController.m */; };
		F35033AC204E1BEA0053535E /* AssistLabelViewController.m in Sources */ = {isa = PBXBuildFile; fileRef = F35033A0204E1BEA0053535E /* AssistLabelViewController.m */; };
		F35033AD204E1BEA0053535E /* AssistViewViewController.m in Sources */ = {isa = PBXBuildFile; fileRef = F35033A2204E1BEA0053535E /* AssistViewViewController.m */; };
		F35033AE204E1BEA0053535E /* IconAndBadgeViewController.m in Sources */ = {isa = PBXBuildFile; fileRef = F35033A4204E1BEA0053535E /* IconAndBadgeViewController.m */; };
		F35033AF204E1BEA0053535E /* MainViewController.m in Sources */ = {isa = PBXBuildFile; fileRef = F35033A6204E1BEA0053535E /* MainViewController.m */; };
		F35033B0204E1BEA0053535E /* OtherViewController.m in Sources */ = {isa = PBXBuildFile; fileRef = F35033A8204E1BEA0053535E /* OtherViewController.m */; };
		F35033B1204E1BEA0053535E /* TitleViewController.m in Sources */ = {isa = PBXBuildFile; fileRef = F35033AA204E1BEA0053535E /* TitleViewController.m */; };
/* End PBXBuildFile section */

/* Begin PBXFileReference section */
		F33C59611FD7DF3700F00BE5 /* YQCommonCell.app */ = {isa = PBXFileReference; explicitFileType = wrapper.application; includeInIndex = 0; path = YQCommonCell.app; sourceTree = BUILT_PRODUCTS_DIR; };
		F33C59641FD7DF3700F00BE5 /* AppDelegate.h */ = {isa = PBXFileReference; lastKnownFileType = sourcecode.c.h; path = AppDelegate.h; sourceTree = "<group>"; };
		F33C59651FD7DF3700F00BE5 /* AppDelegate.m */ = {isa = PBXFileReference; lastKnownFileType = sourcecode.c.objc; path = AppDelegate.m; sourceTree = "<group>"; };
		F33C596B1FD7DF3700F00BE5 /* Base */ = {isa = PBXFileReference; lastKnownFileType = file.storyboard; name = Base; path = Base.lproj/Main.storyboard; sourceTree = "<group>"; };
		F33C596D1FD7DF3700F00BE5 /* Assets.xcassets */ = {isa = PBXFileReference; lastKnownFileType = folder.assetcatalog; path = Assets.xcassets; sourceTree = "<group>"; };
		F33C59701FD7DF3700F00BE5 /* Base */ = {isa = PBXFileReference; lastKnownFileType = file.storyboard; name = Base; path = Base.lproj/LaunchScreen.storyboard; sourceTree = "<group>"; };
		F33C59721FD7DF3700F00BE5 /* Info.plist */ = {isa = PBXFileReference; lastKnownFileType = text.plist.xml; path = Info.plist; sourceTree = "<group>"; };
		F33C59731FD7DF3700F00BE5 /* main.m */ = {isa = PBXFileReference; lastKnownFileType = sourcecode.c.objc; path = main.m; sourceTree = "<group>"; };
		F33C59B61FD7DF4900F00BE5 /* YQCommonGroup.h */ = {isa = PBXFileReference; fileEncoding = 4; lastKnownFileType = sourcecode.c.h; path = YQCommonGroup.h; sourceTree = "<group>"; };
		F33C59B71FD7DF4900F00BE5 /* YQCommonGroup.m */ = {isa = PBXFileReference; fileEncoding = 4; lastKnownFileType = sourcecode.c.objc; path = YQCommonGroup.m; sourceTree = "<group>"; };
		F33C59B81FD7DF4900F00BE5 /* YQCommonItem.h */ = {isa = PBXFileReference; fileEncoding = 4; lastKnownFileType = sourcecode.c.h; path = YQCommonItem.h; sourceTree = "<group>"; };
		F33C59B91FD7DF4900F00BE5 /* YQCommonItem.m */ = {isa = PBXFileReference; fileEncoding = 4; lastKnownFileType = sourcecode.c.objc; path = YQCommonItem.m; sourceTree = "<group>"; };
		F33C59BB1FD7DF4900F00BE5 /* YQBadgeView.h */ = {isa = PBXFileReference; fileEncoding = 4; lastKnownFileType = sourcecode.c.h; path = YQBadgeView.h; sourceTree = "<group>"; };
		F33C59BC1FD7DF4900F00BE5 /* YQBadgeView.m */ = {isa = PBXFileReference; fileEncoding = 4; lastKnownFileType = sourcecode.c.objc; path = YQBadgeView.m; sourceTree = "<group>"; };
		F33C59BD1FD7DF4900F00BE5 /* YQCommonCell.h */ = {isa = PBXFileReference; fileEncoding = 4; lastKnownFileType = sourcecode.c.h; path = YQCommonCell.h; sourceTree = "<group>"; };
		F33C59BE1FD7DF4900F00BE5 /* YQCommonCell.m */ = {isa = PBXFileReference; fileEncoding = 4; lastKnownFileType = sourcecode.c.objc; path = YQCommonCell.m; sourceTree = "<group>"; };
		F33C59D51FDA215D00F00BE5 /* YQ_image.xcassets */ = {isa = PBXFileReference; lastKnownFileType = folder.assetcatalog; path = YQ_image.xcassets; sourceTree = "<group>"; };
		F33C59D71FDA219100F00BE5 /* YQCommonViewController.h */ = {isa = PBXFileReference; lastKnownFileType = sourcecode.c.h; path = YQCommonViewController.h; sourceTree = "<group>"; };
		F33C59D81FDA219100F00BE5 /* YQCommonViewController.m */ = {isa = PBXFileReference; lastKnownFileType = sourcecode.c.objc; path = YQCommonViewController.m; sourceTree = "<group>"; };
		F35033842048D7CA0053535E /* YQCommon.h */ = {isa = PBXFileReference; lastKnownFileType = sourcecode.c.h; path = YQCommon.h; sourceTree = "<group>"; };
		F35033862048D8CC0053535E /* YQCommonMacro.h */ = {isa = PBXFileReference; lastKnownFileType = sourcecode.c.h; path = YQCommonMacro.h; sourceTree = "<group>"; };
		F350339D204E1BEA0053535E /* AssistFeildViewController.h */ = {isa = PBXFileReference; fileEncoding = 4; lastKnownFileType = sourcecode.c.h; path = AssistFeildViewController.h; sourceTree = "<group>"; };
		F350339E204E1BEA0053535E /* AssistFeildViewController.m */ = {isa = PBXFileReference; fileEncoding = 4; lastKnownFileType = sourcecode.c.objc; path = AssistFeildViewController.m; sourceTree = "<group>"; };
		F350339F204E1BEA0053535E /* AssistLabelViewController.h */ = {isa = PBXFileReference; fileEncoding = 4; lastKnownFileType = sourcecode.c.h; path = AssistLabelViewController.h; sourceTree = "<group>"; };
		F35033A0204E1BEA0053535E /* AssistLabelViewController.m */ = {isa = PBXFileReference; fileEncoding = 4; lastKnownFileType = sourcecode.c.objc; path = AssistLabelViewController.m; sourceTree = "<group>"; };
		F35033A1204E1BEA0053535E /* AssistViewViewController.h */ = {isa = PBXFileReference; fileEncoding = 4; lastKnownFileType = sourcecode.c.h; path = AssistViewViewController.h; sourceTree = "<group>"; };
		F35033A2204E1BEA0053535E /* AssistViewViewController.m */ = {isa = PBXFileReference; fileEncoding = 4; lastKnownFileType = sourcecode.c.objc; path = AssistViewViewController.m; sourceTree = "<group>"; };
		F35033A3204E1BEA0053535E /* IconAndBadgeViewController.h */ = {isa = PBXFileReference; fileEncoding = 4; lastKnownFileType = sourcecode.c.h; path = IconAndBadgeViewController.h; sourceTree = "<group>"; };
		F35033A4204E1BEA0053535E /* IconAndBadgeViewController.m */ = {isa = PBXFileReference; fileEncoding = 4; lastKnownFileType = sourcecode.c.objc; path = IconAndBadgeViewController.m; sourceTree = "<group>"; };
		F35033A5204E1BEA0053535E /* MainViewController.h */ = {isa = PBXFileReference; fileEncoding = 4; lastKnownFileType = sourcecode.c.h; path = MainViewController.h; sourceTree = "<group>"; };
		F35033A6204E1BEA0053535E /* MainViewController.m */ = {isa = PBXFileReference; fileEncoding = 4; lastKnownFileType = sourcecode.c.objc; path = MainViewController.m; sourceTree = "<group>"; };
		F35033A7204E1BEA0053535E /* OtherViewController.h */ = {isa = PBXFileReference; fileEncoding = 4; lastKnownFileType = sourcecode.c.h; path = OtherViewController.h; sourceTree = "<group>"; };
		F35033A8204E1BEA0053535E /* OtherViewController.m */ = {isa = PBXFileReference; fileEncoding = 4; lastKnownFileType = sourcecode.c.objc; path = OtherViewController.m; sourceTree = "<group>"; };
		F35033A9204E1BEA0053535E /* TitleViewController.h */ = {isa = PBXFileReference; fileEncoding = 4; lastKnownFileType = sourcecode.c.h; path = TitleViewController.h; sourceTree = "<group>"; };
		F35033AA204E1BEA0053535E /* TitleViewController.m */ = {isa = PBXFileReference; fileEncoding = 4; lastKnownFileType = sourcecode.c.objc; path = TitleViewController.m; sourceTree = "<group>"; };
/* End PBXFileReference section */

/* Begin PBXFrameworksBuildPhase section */
		F33C595E1FD7DF3700F00BE5 /* Frameworks */ = {
			isa = PBXFrameworksBuildPhase;
			buildActionMask = 2147483647;
			files = (
			);
			runOnlyForDeploymentPostprocessing = 0;
		};
/* End PBXFrameworksBuildPhase section */

/* Begin PBXGroup section */
		F33C59581FD7DF3700F00BE5 = {
			isa = PBXGroup;
			children = (
				F33C59631FD7DF3700F00BE5 /* YQCommonCell */,
				F33C59621FD7DF3700F00BE5 /* Products */,
			);
			sourceTree = "<group>";
		};
		F33C59621FD7DF3700F00BE5 /* Products */ = {
			isa = PBXGroup;
			children = (
				F33C59611FD7DF3700F00BE5 /* YQCommonCell.app */,
			);
			name = Products;
			sourceTree = "<group>";
		};
		F33C59631FD7DF3700F00BE5 /* YQCommonCell */ = {
			isa = PBXGroup;
			children = (
				F33C59641FD7DF3700F00BE5 /* AppDelegate.h */,
				F33C59651FD7DF3700F00BE5 /* AppDelegate.m */,
				F350339C204E1BEA0053535E /* Demo */,
				F33C59B41FD7DF4900F00BE5 /* YQCommonCell */,
				F33C596A1FD7DF3700F00BE5 /* Main.storyboard */,
				F33C596D1FD7DF3700F00BE5 /* Assets.xcassets */,
				F33C596F1FD7DF3700F00BE5 /* LaunchScreen.storyboard */,
				F33C59721FD7DF3700F00BE5 /* Info.plist */,
				F33C59731FD7DF3700F00BE5 /* main.m */,
			);
			path = YQCommonCell;
			sourceTree = "<group>";
		};
		F33C59B41FD7DF4900F00BE5 /* YQCommonCell */ = {
			isa = PBXGroup;
			children = (
				F350337F2048D5CA0053535E /* O */,
				F33C59D31FDA215D00F00BE5 /* C */,
				F33C59B51FD7DF4900F00BE5 /* M */,
				F33C59BA1FD7DF4900F00BE5 /* V */,
				F33C59D41FDA215D00F00BE5 /* R */,
			);
			path = YQCommonCell;
			sourceTree = "<group>";
		};
		F33C59B51FD7DF4900F00BE5 /* M */ = {
			isa = PBXGroup;
			children = (
				F33C59B61FD7DF4900F00BE5 /* YQCommonGroup.h */,
				F33C59B71FD7DF4900F00BE5 /* YQCommonGroup.m */,
				F33C59B81FD7DF4900F00BE5 /* YQCommonItem.h */,
				F33C59B91FD7DF4900F00BE5 /* YQCommonItem.m */,
			);
			path = M;
			sourceTree = "<group>";
		};
		F33C59BA1FD7DF4900F00BE5 /* V */ = {
			isa = PBXGroup;
			children = (
				F33C59BB1FD7DF4900F00BE5 /* YQBadgeView.h */,
				F33C59BC1FD7DF4900F00BE5 /* YQBadgeView.m */,
				F33C59BD1FD7DF4900F00BE5 /* YQCommonCell.h */,
				F33C59BE1FD7DF4900F00BE5 /* YQCommonCell.m */,
			);
			path = V;
			sourceTree = "<group>";
		};
		F33C59D31FDA215D00F00BE5 /* C */ = {
			isa = PBXGroup;
			children = (
				F33C59D71FDA219100F00BE5 /* YQCommonViewController.h */,
				F33C59D81FDA219100F00BE5 /* YQCommonViewController.m */,
			);
			path = C;
			sourceTree = "<group>";
		};
		F33C59D41FDA215D00F00BE5 /* R */ = {
			isa = PBXGroup;
			children = (
				F33C59D51FDA215D00F00BE5 /* YQ_image.xcassets */,
			);
			path = R;
			sourceTree = "<group>";
		};
		F350337F2048D5CA0053535E /* O */ = {
			isa = PBXGroup;
			children = (
				F35033842048D7CA0053535E /* YQCommon.h */,
				F35033862048D8CC0053535E /* YQCommonMacro.h */,
			);
			path = O;
			sourceTree = "<group>";
		};
		F350339C204E1BEA0053535E /* Demo */ = {
			isa = PBXGroup;
			children = (
				F35033A5204E1BEA0053535E /* MainViewController.h */,
				F35033A6204E1BEA0053535E /* MainViewController.m */,
				F350339D204E1BEA0053535E /* AssistFeildViewController.h */,
				F350339E204E1BEA0053535E /* AssistFeildViewController.m */,
				F350339F204E1BEA0053535E /* AssistLabelViewController.h */,
				F35033A0204E1BEA0053535E /* AssistLabelViewController.m */,
				F35033A1204E1BEA0053535E /* AssistViewViewController.h */,
				F35033A2204E1BEA0053535E /* AssistViewViewController.m */,
				F35033A3204E1BEA0053535E /* IconAndBadgeViewController.h */,
				F35033A4204E1BEA0053535E /* IconAndBadgeViewController.m */,
				F35033A7204E1BEA0053535E /* OtherViewController.h */,
				F35033A8204E1BEA0053535E /* OtherViewController.m */,
				F35033A9204E1BEA0053535E /* TitleViewController.h */,
				F35033AA204E1BEA0053535E /* TitleViewController.m */,
			);
			path = Demo;
			sourceTree = "<group>";
		};
/* End PBXGroup section */

/* Begin PBXNativeTarget section */
		F33C59601FD7DF3700F00BE5 /* YQCommonCell */ = {
			isa = PBXNativeTarget;
			buildConfigurationList = F33C598D1FD7DF3700F00BE5 /* Build configuration list for PBXNativeTarget "YQCommonCell" */;
			buildPhases = (
				F33C595D1FD7DF3700F00BE5 /* Sources */,
				F33C595E1FD7DF3700F00BE5 /* Frameworks */,
				F33C595F1FD7DF3700F00BE5 /* Resources */,
			);
			buildRules = (
			);
			dependencies = (
			);
			name = YQCommonCell;
			productName = YQCommonCell;
			productReference = F33C59611FD7DF3700F00BE5 /* YQCommonCell.app */;
			productType = "com.apple.product-type.application";
		};
/* End PBXNativeTarget section */

/* Begin PBXProject section */
		F33C59591FD7DF3700F00BE5 /* Project object */ = {
			isa = PBXProject;
			attributes = {
				LastUpgradeCheck = 0920;
				ORGANIZATIONNAME = YuQi;
				TargetAttributes = {
					F33C59601FD7DF3700F00BE5 = {
						CreatedOnToolsVersion = 9.2;
						ProvisioningStyle = Automatic;
					};
				};
			};
			buildConfigurationList = F33C595C1FD7DF3700F00BE5 /* Build configuration list for PBXProject "YQCommonCell" */;
			compatibilityVersion = "Xcode 8.0";
			developmentRegion = en;
			hasScannedForEncodings = 0;
			knownRegions = (
				en,
				Base,
			);
			mainGroup = F33C59581FD7DF3700F00BE5;
			productRefGroup = F33C59621FD7DF3700F00BE5 /* Products */;
			projectDirPath = "";
			projectRoot = "";
			targets = (
				F33C59601FD7DF3700F00BE5 /* YQCommonCell */,
			);
		};
/* End PBXProject section */

/* Begin PBXResourcesBuildPhase section */
		F33C595F1FD7DF3700F00BE5 /* Resources */ = {
			isa = PBXResourcesBuildPhase;
			buildActionMask = 2147483647;
			files = (
				F33C59711FD7DF3700F00BE5 /* LaunchScreen.storyboard in Resources */,
				F33C59D61FDA215D00F00BE5 /* YQ_image.xcassets in Resources */,
				F33C596E1FD7DF3700F00BE5 /* Assets.xcassets in Resources */,
				F33C596C1FD7DF3700F00BE5 /* Main.storyboard in Resources */,
			);
			runOnlyForDeploymentPostprocessing = 0;
		};
/* End PBXResourcesBuildPhase section */

/* Begin PBXSourcesBuildPhase section */
		F33C595D1FD7DF3700F00BE5 /* Sources */ = {
			isa = PBXSourcesBuildPhase;
			buildActionMask = 2147483647;
			files = (
				F35033AB204E1BEA0053535E /* AssistFeildViewController.m in Sources */,
				F33C59CF1FD7DF4900F00BE5 /* YQBadgeView.m in Sources */,
				F33C59CD1FD7DF4900F00BE5 /* YQCommonGroup.m in Sources */,
				F33C59CE1FD7DF4900F00BE5 /* YQCommonItem.m in Sources */,
				F35033AC204E1BEA0053535E /* AssistLabelViewController.m in Sources */,
				F35033AE204E1BEA0053535E /* IconAndBadgeViewController.m in Sources */,
				F35033B0204E1BEA0053535E /* OtherViewController.m in Sources */,
				F35033B1204E1BEA0053535E /* TitleViewController.m in Sources */,
				F33C59741FD7DF3700F00BE5 /* main.m in Sources */,
				F35033AF204E1BEA0053535E /* MainViewController.m in Sources */,
				F35033AD204E1BEA0053535E /* AssistViewViewController.m in Sources */,
				F33C59D01FD7DF4900F00BE5 /* YQCommonCell.m in Sources */,
				F33C59661FD7DF3700F00BE5 /* AppDelegate.m in Sources */,
				F33C59D91FDA219100F00BE5 /* YQCommonViewController.m in Sources */,
			);
			runOnlyForDeploymentPostprocessing = 0;
		};
/* End PBXSourcesBuildPhase section */

/* Begin PBXVariantGroup section */
		F33C596A1FD7DF3700F00BE5 /* Main.storyboard */ = {
			isa = PBXVariantGroup;
			children = (
				F33C596B1FD7DF3700F00BE5 /* Base */,
			);
			name = Main.storyboard;
			sourceTree = "<group>";
		};
		F33C596F1FD7DF3700F00BE5 /* LaunchScreen.storyboard */ = {
			isa = PBXVariantGroup;
			children = (
				F33C59701FD7DF3700F00BE5 /* Base */,
			);
			name = LaunchScreen.storyboard;
			sourceTree = "<group>";
		};
/* End PBXVariantGroup section */

/* Begin XCBuildConfiguration section */
		F33C598B1FD7DF3700F00BE5 /* Debug */ = {
			isa = XCBuildConfiguration;
			buildSettings = {
				ALWAYS_SEARCH_USER_PATHS = NO;
				CLANG_ANALYZER_NONNULL = YES;
				CLANG_ANALYZER_NUMBER_OBJECT_CONVERSION = YES_AGGRESSIVE;
				CLANG_CXX_LANGUAGE_STANDARD = "gnu++14";
				CLANG_CXX_LIBRARY = "libc++";
				CLANG_ENABLE_MODULES = YES;
				CLANG_ENABLE_OBJC_ARC = YES;
				CLANG_WARN_BLOCK_CAPTURE_AUTORELEASING = YES;
				CLANG_WARN_BOOL_CONVERSION = YES;
				CLANG_WARN_COMMA = YES;
				CLANG_WARN_CONSTANT_CONVERSION = YES;
				CLANG_WARN_DIRECT_OBJC_ISA_USAGE = YES_ERROR;
				CLANG_WARN_DOCUMENTATION_COMMENTS = YES;
				CLANG_WARN_EMPTY_BODY = YES;
				CLANG_WARN_ENUM_CONVERSION = YES;
				CLANG_WARN_INFINITE_RECURSION = YES;
				CLANG_WARN_INT_CONVERSION = YES;
				CLANG_WARN_NON_LITERAL_NULL_CONVERSION = YES;
				CLANG_WARN_OBJC_LITERAL_CONVERSION = YES;
				CLANG_WARN_OBJC_ROOT_CLASS = YES_ERROR;
				CLANG_WARN_RANGE_LOOP_ANALYSIS = YES;
				CLANG_WARN_STRICT_PROTOTYPES = YES;
				CLANG_WARN_SUSPICIOUS_MOVE = YES;
				CLANG_WARN_UNGUARDED_AVAILABILITY = YES_AGGRESSIVE;
				CLANG_WARN_UNREACHABLE_CODE = YES;
				CLANG_WARN__DUPLICATE_METHOD_MATCH = YES;
				CODE_SIGN_IDENTITY = "iPhone Developer";
				COPY_PHASE_STRIP = NO;
				DEBUG_INFORMATION_FORMAT = dwarf;
				ENABLE_STRICT_OBJC_MSGSEND = YES;
				ENABLE_TESTABILITY = YES;
				GCC_C_LANGUAGE_STANDARD = gnu11;
				GCC_DYNAMIC_NO_PIC = NO;
				GCC_NO_COMMON_BLOCKS = YES;
				GCC_OPTIMIZATION_LEVEL = 0;
				GCC_PREPROCESSOR_DEFINITIONS = (
					"DEBUG=1",
					"$(inherited)",
				);
				GCC_WARN_64_TO_32_BIT_CONVERSION = YES;
				GCC_WARN_ABOUT_RETURN_TYPE = YES_ERROR;
				GCC_WARN_UNDECLARED_SELECTOR = YES;
				GCC_WARN_UNINITIALIZED_AUTOS = YES_AGGRESSIVE;
				GCC_WARN_UNUSED_FUNCTION = YES;
				GCC_WARN_UNUSED_VARIABLE = YES;
				IPHONEOS_DEPLOYMENT_TARGET = 11.2;
				MTL_ENABLE_DEBUG_INFO = YES;
				ONLY_ACTIVE_ARCH = YES;
				SDKROOT = iphoneos;
			};
			name = Debug;
		};
		F33C598C1FD7DF3700F00BE5 /* Release */ = {
			isa = XCBuildConfiguration;
			buildSettings = {
				ALWAYS_SEARCH_USER_PATHS = NO;
				CLANG_ANALYZER_NONNULL = YES;
				CLANG_ANALYZER_NUMBER_OBJECT_CONVERSION = YES_AGGRESSIVE;
				CLANG_CXX_LANGUAGE_STANDARD = "gnu++14";
				CLANG_CXX_LIBRARY = "libc++";
				CLANG_ENABLE_MODULES = YES;
				CLANG_ENABLE_OBJC_ARC = YES;
				CLANG_WARN_BLOCK_CAPTURE_AUTORELEASING = YES;
				CLANG_WARN_BOOL_CONVERSION = YES;
				CLANG_WARN_COMMA = YES;
				CLANG_WARN_CONSTANT_CONVERSION = YES;
				CLANG_WARN_DIRECT_OBJC_ISA_USAGE = YES_ERROR;
				CLANG_WARN_DOCUMENTATION_COMMENTS = YES;
				CLANG_WARN_EMPTY_BODY = YES;
				CLANG_WARN_ENUM_CONVERSION = YES;
				CLANG_WARN_INFINITE_RECURSION = YES;
				CLANG_WARN_INT_CONVERSION = YES;
				CLANG_WARN_NON_LITERAL_NULL_CONVERSION = YES;
				CLANG_WARN_OBJC_LITERAL_CONVERSION = YES;
				CLANG_WARN_OBJC_ROOT_CLASS = YES_ERROR;
				CLANG_WARN_RANGE_LOOP_ANALYSIS = YES;
				CLANG_WARN_STRICT_PROTOTYPES = YES;
				CLANG_WARN_SUSPICIOUS_MOVE = YES;
				CLANG_WARN_UNGUARDED_AVAILABILITY = YES_AGGRESSIVE;
				CLANG_WARN_UNREACHABLE_CODE = YES;
				CLANG_WARN__DUPLICATE_METHOD_MATCH = YES;
				CODE_SIGN_IDENTITY = "iPhone Developer";
				COPY_PHASE_STRIP = NO;
				DEBUG_INFORMATION_FORMAT = "dwarf-with-dsym";
				ENABLE_NS_ASSERTIONS = NO;
				ENABLE_STRICT_OBJC_MSGSEND = YES;
				GCC_C_LANGUAGE_STANDARD = gnu11;
				GCC_NO_COMMON_BLOCKS = YES;
				GCC_WARN_64_TO_32_BIT_CONVERSION = YES;
				GCC_WARN_ABOUT_RETURN_TYPE = YES_ERROR;
				GCC_WARN_UNDECLARED_SELECTOR = YES;
				GCC_WARN_UNINITIALIZED_AUTOS = YES_AGGRESSIVE;
				GCC_WARN_UNUSED_FUNCTION = YES;
				GCC_WARN_UNUSED_VARIABLE = YES;
				IPHONEOS_DEPLOYMENT_TARGET = 11.2;
				MTL_ENABLE_DEBUG_INFO = NO;
				SDKROOT = iphoneos;
				VALIDATE_PRODUCT = YES;
			};
			name = Release;
		};
		F33C598E1FD7DF3700F00BE5 /* Debug */ = {
			isa = XCBuildConfiguration;
			buildSettings = {
				ASSETCATALOG_COMPILER_APPICON_NAME = AppIcon;
				CODE_SIGN_STYLE = Automatic;
				DEVELOPMENT_TEAM = ERG8W536UD;
				INFOPLIST_FILE = YQCommonCell/Info.plist;
				IPHONEOS_DEPLOYMENT_TARGET = 10.0;
				LD_RUNPATH_SEARCH_PATHS = "$(inherited) @executable_path/Frameworks";
				PRODUCT_BUNDLE_IDENTIFIER = com.YuQi.YQCommonCell;
				PRODUCT_NAME = "$(TARGET_NAME)";
				TARGETED_DEVICE_FAMILY = "1,2";
			};
			name = Debug;
		};
		F33C598F1FD7DF3700F00BE5 /* Release */ = {
			isa = XCBuildConfiguration;
			buildSettings = {
				ASSETCATALOG_COMPILER_APPICON_NAME = AppIcon;
				CODE_SIGN_STYLE = Automatic;
				DEVELOPMENT_TEAM = ERG8W536UD;
				INFOPLIST_FILE = YQCommonCell/Info.plist;
				IPHONEOS_DEPLOYMENT_TARGET = 10.0;
				LD_RUNPATH_SEARCH_PATHS = "$(inherited) @executable_path/Frameworks";
				PRODUCT_BUNDLE_IDENTIFIER = com.YuQi.YQCommonCell;
				PRODUCT_NAME = "$(TARGET_NAME)";
				TARGETED_DEVICE_FAMILY = "1,2";
			};
			name = Release;
		};
/* End XCBuildConfiguration section */

/* Begin XCConfigurationList section */
		F33C595C1FD7DF3700F00BE5 /* Build configuration list for PBXProject "YQCommonCell" */ = {
			isa = XCConfigurationList;
			buildConfigurations = (
				F33C598B1FD7DF3700F00BE5 /* Debug */,
				F33C598C1FD7DF3700F00BE5 /* Release */,
			);
			defaultConfigurationIsVisible = 0;
			defaultConfigurationName = Release;
		};
		F33C598D1FD7DF3700F00BE5 /* Build configuration list for PBXNativeTarget "YQCommonCell" */ = {
			isa = XCConfigurationList;
			buildConfigurations = (
				F33C598E1FD7DF3700F00BE5 /* Debug */,
				F33C598F1FD7DF3700F00BE5 /* Release */,
			);
			defaultConfigurationIsVisible = 0;
			defaultConfigurationName = Release;
		};
/* End XCConfigurationList section */
	};
	rootObject = F33C59591FD7DF3700F00BE5 /* Project object */;
}
